
Microsoft Visual Studio Solution File, Format Version 12.00
# Visual Studio Version 16
VisualStudioVersion = 16.0.32228.343
MinimumVisualStudioVersion = 10.0.40219.1
Project("{2150E333-8FDC-42A3-9474-1A3956D46DE8}") = "Chapter02", "Chapter02", "{8C7BEC83-397B-4A94-A35A-6FE54CDC4872}"
EndProject
Project("{FAE04EC0-301F-11D3-BF4B-00C04F79EFBC}") = "DistanceConverter", "Chapter02\DistanceConverter\DistanceConverter.csproj", "{F83370D4-8896-4399-AEA5-B58C20871F60}"
EndProject
Project("{FAE04EC0-301F-11D3-BF4B-00C04F79EFBC}") = "SalesCalculator", "Chapter02\SalesCalculator\SalesCalculator.csproj", "{8038A73E-DBCA-43FB-AE96-228E2382F13A}"
EndProject
Project("{FAE04EC0-301F-11D3-BF4B-00C04F79EFBC}") = "Exercise", "Chapter02\Exercise\Exercise.csproj", "{6B1D1F54-7F5B-4E64-B40C-1BBC717FFB0B}"
EndProject
Project("{FAE04EC0-301F-11D3-BF4B-00C04F79EFBC}") = "Exercise02", "Chapter02\Exercise02\Exercise02.csproj", "{72A72032-A420-4270-B7F0-0E9F42D73A20}"
EndProject
Project("{FAE04EC0-301F-11D3-BF4B-00C04F79EFBC}") = "Exercise03", "Exercise03\Exercise03.csproj", "{04D6D83B-415F-41B1-8FCA-83B895F9EF45}"
EndProject
Project("{2150E333-8FDC-42A3-9474-1A3956D46DE8}") = "Chapter03", "Chapter03", "{7832E88B-C23A-44E5-8605-2BC0D43CDF6C}"
EndProject
Project("{FAE04EC0-301F-11D3-BF4B-00C04F79EFBC}") = "Section01", "Chapter03\Section01\Section01.csproj", "{D81D5A6E-8CA4-4380-A4BE-D01C44889AE5}"
EndProject
Project("{FAE04EC0-301F-11D3-BF4B-00C04F79EFBC}") = "Exercise01", "Chapter03\Exercise01\Exercise01.csproj", "{FE6BB758-00D3-4AA1-9BF6-5600CFE28F35}"
EndProject
Project("{FAE04EC0-301F-11D3-BF4B-00C04F79EFBC}") = "Section04", "Chapter03\Section04\Section04.csproj", "{1240DEC6-530C-432B-A522-0FDA7D98465F}"
EndProject
Project("{FAE04EC0-301F-11D3-BF4B-00C04F79EFBC}") = "Exercise02", "Chapter03\Exercise02\Exercise02.csproj", "{926ACFA3-34FA-4513-80F5-14682378EE94}"
EndProject
Project("{FAE04EC0-301F-11D3-BF4B-00C04F79EFBC}") = "Exercise01", "Chapter04\Exercise01\Exercise01.csproj", "{29240FBF-E09F-42FC-BB29-75600A972D12}"
EndProject
Project("{2150E333-8FDC-42A3-9474-1A3956D46DE8}") = "Chapter04", "Chapter04", "{989A49DC-0546-48F0-8D00-D6EF35E8920C}"
EndProject
Project("{FAE04EC0-301F-11D3-BF4B-00C04F79EFBC}") = "Exercise02", "Chapter04\Exercise02\Exercise02.csproj", "{6AB67DAF-D832-4771-96A5-77E859E1F33D}"
EndProject
Project("{2150E333-8FDC-42A3-9474-1A3956D46DE8}") = "Chapter05", "Chapter05", "{C272E72F-D4B3-46B7-AB3D-CB613435D8E5}"
EndProject
Project("{FAE04EC0-301F-11D3-BF4B-00C04F79EFBC}") = "Exercise01", "Chapter05\Exercise01\Exercise01.csproj", "{12AA47E6-F256-4D9B-A1FF-3C633ACA80BD}"
EndProject
Project("{FAE04EC0-301F-11D3-BF4B-00C04F79EFBC}") = "Exercise02", "Chapter05\Exercise02\Exercise02.csproj", "{2A693FC2-22BC-4EA6-AFF9-FDAB7ED929F4}"
EndProject
Project("{FAE04EC0-301F-11D3-BF4B-00C04F79EFBC}") = "Exercise03", "Chapter05\Exercise03\Exercise03.csproj", "{3FF9FBD1-F19E-4AD1-B4E4-AC718D0FC82C}"
EndProject
Project("{FAE04EC0-301F-11D3-BF4B-00C04F79EFBC}") = "Exercise04", "Exercise04\Exercise04.csproj", "{E10449B2-51E2-4D79-B7BC-F8A7B00A2FD6}"
EndProject
Project("{2150E333-8FDC-42A3-9474-1A3956D46DE8}") = "Chapter06", "Chapter06", "{CABDD31C-B182-4AF3-BDF5-79B11E256CFB}"
EndProject
Project("{FAE04EC0-301F-11D3-BF4B-00C04F79EFBC}") = "Exercise01", "Exercise01\Exercise01.csproj", "{6DEE3404-BB91-4865-AE60-2770ED1C5297}"
EndProject
Project("{FAE04EC0-301F-11D3-BF4B-00C04F79EFBC}") = "Exercise02", "Exercise02\Exercise02.csproj", "{9E1CBF08-EB5F-4F87-91CE-07A8C5F6EE77}"
EndProject
Project("{2150E333-8FDC-42A3-9474-1A3956D46DE8}") = "FormAppSample", "FormAppSample", "{E389A456-FDAA-45B4-834F-2B5BD24D26CD}"
EndProject
Project("{FAE04EC0-301F-11D3-BF4B-00C04F79EFBC}") = "Sample0603", "FormAppSample\Sample0603\Sample0603.csproj", "{BB46D4F5-CB50-4902-8ED2-DE38947ED73E}"
EndProject
Project("{FAE04EC0-301F-11D3-BF4B-00C04F79EFBC}") = "Sample0607", "FormAppSample\Sample0607\Sample0607.csproj", "{6966A477-E3B6-48CD-B115-3D026C704CAD}"
EndProject
Project("{FAE04EC0-301F-11D3-BF4B-00C04F79EFBC}") = "AddressBook", "FormAppSample\AddressBook\AddressBook.csproj", "{8F4AC0B2-E985-455B-8727-56B3A4FE2870}"
EndProject
Project("{2150E333-8FDC-42A3-9474-1A3956D46DE8}") = "Test202206", "Test202206", "{240F1CC9-89DA-4DE0-AA92-93F7FA8ED8BE}"
EndProject
Project("{FAE04EC0-301F-11D3-BF4B-00C04F79EFBC}") = "Test01", "Test202206\TestProject\Test01\Test01.csproj", "{2BFACDC3-F44D-4199-8498-F5C3C4AC0335}"
EndProject
Project("{FAE04EC0-301F-11D3-BF4B-00C04F79EFBC}") = "Test02", "Test202206\TestProject\Test02\Test02.csproj", "{E461C0A8-8900-485C-B520-E929BA33F712}"
EndProject
Project("{2150E333-8FDC-42A3-9474-1A3956D46DE8}") = "Chapter11", "Chapter11", "{BE214548-9D48-4CB2-85A1-89BF7296A226}"
EndProject
Project("{FAE04EC0-301F-11D3-BF4B-00C04F79EFBC}") = "XmlSample", "Chapter11\XmlSample\XmlSample.csproj", "{390C15F6-03BB-4C04-BBC6-C5B025AF31D7}"
EndProject
Project("{FAE04EC0-301F-11D3-BF4B-00C04F79EFBC}") = "RssReader", "Chapter11\RssReader\RssReader.csproj", "{55EFEBE0-C32F-4251-A2E7-BE6F3F5C024A}"
EndProject
Project("{FAE04EC0-301F-11D3-BF4B-00C04F79EFBC}") = "Exercise1", "Chapter11\Exercise1\Exercise1.csproj", "{D8353470-0CFA-49D9-963D-E6D464886ADA}"
EndProject
Project("{2150E333-8FDC-42A3-9474-1A3956D46DE8}") = "Chapter12", "Chapter12", "{51337860-1EDD-4778-B44B-E816D56E707F}"
EndProject
Project("{FAE04EC0-301F-11D3-BF4B-00C04F79EFBC}") = "Section01", "Chapter12\Section01\Section01.csproj", "{C055E53A-C0A8-409F-AD51-EC44AD9BC072}"
EndProject
Project("{FAE04EC0-301F-11D3-BF4B-00C04F79EFBC}") = "Section02", "Chapter12\Section02\Section02.csproj", "{36805D35-16DA-40CE-B382-A88CB9231C02}"
EndProject
Project("{FAE04EC0-301F-11D3-BF4B-00C04F79EFBC}") = "Exercise01", "Chapter12\Exercise01\Exercise01.csproj", "{67CD5999-4384-438B-9A03-87AC04ABBBE1}"
EndProject
Project("{FAE04EC0-301F-11D3-BF4B-00C04F79EFBC}") = "Exercise02", "Chapter12\Exercise02\Exercise02.csproj", "{DA02B63B-5FA2-419F-8FBC-8282CE8F42B8}"
EndProject
Project("{2150E333-8FDC-42A3-9474-1A3956D46DE8}") = "Chapter13", "Chapter13", "{1F93678A-2EE1-4025-BE52-7A31B85BD2BE}"
EndProject
Project("{FAE04EC0-301F-11D3-BF4B-00C04F79EFBC}") = "SampleEntityFramework", "Chapter13\SampleEntityFramework\SampleEntityFramework.csproj", "{0CCB2855-ACF3-417E-A180-29F2260000CA}"
EndProject
Project("{2150E333-8FDC-42A3-9474-1A3956D46DE8}") = "Chapter14", "Chapter14", "{1A152EB5-25B8-448A-A1B8-03862D6760CA}"
EndProject
Project("{FAE04EC0-301F-11D3-BF4B-00C04F79EFBC}") = "Section01", "Chapter14\Section01\Section01.csproj", "{157AFE2D-E9B3-4C60-A08A-83EDFCDD8422}"
EndProject
Project("{FAE04EC0-301F-11D3-BF4B-00C04F79EFBC}") = "WeatherAppp", "Chapter14\WeatherApp\WeatherAppp.csproj", "{32B19F5E-9392-4DE6-80FF-3031BCDE5CF0}"
EndProject
Project("{FAE04EC0-301F-11D3-BF4B-00C04F79EFBC}") = "WeatherApp", "Chapter14\WeatherApp ver2\WeatherApp.csproj", "{8C31FDB0-F790-4079-9C6F-7203D61A0D96}"
EndProject
Global
	GlobalSection(SolutionConfigurationPlatforms) = preSolution
		Debug|Any CPU = Debug|Any CPU
		Release|Any CPU = Release|Any CPU
	EndGlobalSection
	GlobalSection(ProjectConfigurationPlatforms) = postSolution
		{F83370D4-8896-4399-AEA5-B58C20871F60}.Debug|Any CPU.ActiveCfg = Debug|Any CPU
		{F83370D4-8896-4399-AEA5-B58C20871F60}.Debug|Any CPU.Build.0 = Debug|Any CPU
		{F83370D4-8896-4399-AEA5-B58C20871F60}.Release|Any CPU.ActiveCfg = Release|Any CPU
		{F83370D4-8896-4399-AEA5-B58C20871F60}.Release|Any CPU.Build.0 = Release|Any CPU
		{8038A73E-DBCA-43FB-AE96-228E2382F13A}.Debug|Any CPU.ActiveCfg = Debug|Any CPU
		{8038A73E-DBCA-43FB-AE96-228E2382F13A}.Debug|Any CPU.Build.0 = Debug|Any CPU
		{8038A73E-DBCA-43FB-AE96-228E2382F13A}.Release|Any CPU.ActiveCfg = Release|Any CPU
		{8038A73E-DBCA-43FB-AE96-228E2382F13A}.Release|Any CPU.Build.0 = Release|Any CPU
		{6B1D1F54-7F5B-4E64-B40C-1BBC717FFB0B}.Debug|Any CPU.ActiveCfg = Debug|Any CPU
		{6B1D1F54-7F5B-4E64-B40C-1BBC717FFB0B}.Debug|Any CPU.Build.0 = Debug|Any CPU
		{6B1D1F54-7F5B-4E64-B40C-1BBC717FFB0B}.Release|Any CPU.ActiveCfg = Release|Any CPU
		{6B1D1F54-7F5B-4E64-B40C-1BBC717FFB0B}.Release|Any CPU.Build.0 = Release|Any CPU
		{72A72032-A420-4270-B7F0-0E9F42D73A20}.Debug|Any CPU.ActiveCfg = Debug|Any CPU
		{72A72032-A420-4270-B7F0-0E9F42D73A20}.Debug|Any CPU.Build.0 = Debug|Any CPU
		{72A72032-A420-4270-B7F0-0E9F42D73A20}.Release|Any CPU.ActiveCfg = Release|Any CPU
		{72A72032-A420-4270-B7F0-0E9F42D73A20}.Release|Any CPU.Build.0 = Release|Any CPU
		{04D6D83B-415F-41B1-8FCA-83B895F9EF45}.Debug|Any CPU.ActiveCfg = Debug|Any CPU
		{04D6D83B-415F-41B1-8FCA-83B895F9EF45}.Debug|Any CPU.Build.0 = Debug|Any CPU
		{04D6D83B-415F-41B1-8FCA-83B895F9EF45}.Release|Any CPU.ActiveCfg = Release|Any CPU
		{04D6D83B-415F-41B1-8FCA-83B895F9EF45}.Release|Any CPU.Build.0 = Release|Any CPU
		{D81D5A6E-8CA4-4380-A4BE-D01C44889AE5}.Debug|Any CPU.ActiveCfg = Debug|Any CPU
		{D81D5A6E-8CA4-4380-A4BE-D01C44889AE5}.Debug|Any CPU.Build.0 = Debug|Any CPU
		{D81D5A6E-8CA4-4380-A4BE-D01C44889AE5}.Release|Any CPU.ActiveCfg = Release|Any CPU
		{D81D5A6E-8CA4-4380-A4BE-D01C44889AE5}.Release|Any CPU.Build.0 = Release|Any CPU
		{FE6BB758-00D3-4AA1-9BF6-5600CFE28F35}.Debug|Any CPU.ActiveCfg = Debug|Any CPU
		{FE6BB758-00D3-4AA1-9BF6-5600CFE28F35}.Debug|Any CPU.Build.0 = Debug|Any CPU
		{FE6BB758-00D3-4AA1-9BF6-5600CFE28F35}.Release|Any CPU.ActiveCfg = Release|Any CPU
		{FE6BB758-00D3-4AA1-9BF6-5600CFE28F35}.Release|Any CPU.Build.0 = Release|Any CPU
		{1240DEC6-530C-432B-A522-0FDA7D98465F}.Debug|Any CPU.ActiveCfg = Debug|Any CPU
		{1240DEC6-530C-432B-A522-0FDA7D98465F}.Debug|Any CPU.Build.0 = Debug|Any CPU
		{1240DEC6-530C-432B-A522-0FDA7D98465F}.Release|Any CPU.ActiveCfg = Release|Any CPU
		{1240DEC6-530C-432B-A522-0FDA7D98465F}.Release|Any CPU.Build.0 = Release|Any CPU
		{926ACFA3-34FA-4513-80F5-14682378EE94}.Debug|Any CPU.ActiveCfg = Debug|Any CPU
		{926ACFA3-34FA-4513-80F5-14682378EE94}.Debug|Any CPU.Build.0 = Debug|Any CPU
		{926ACFA3-34FA-4513-80F5-14682378EE94}.Release|Any CPU.ActiveCfg = Release|Any CPU
		{926ACFA3-34FA-4513-80F5-14682378EE94}.Release|Any CPU.Build.0 = Release|Any CPU
		{29240FBF-E09F-42FC-BB29-75600A972D12}.Debug|Any CPU.ActiveCfg = Debug|Any CPU
		{29240FBF-E09F-42FC-BB29-75600A972D12}.Debug|Any CPU.Build.0 = Debug|Any CPU
		{29240FBF-E09F-42FC-BB29-75600A972D12}.Release|Any CPU.ActiveCfg = Release|Any CPU
		{29240FBF-E09F-42FC-BB29-75600A972D12}.Release|Any CPU.Build.0 = Release|Any CPU
		{6AB67DAF-D832-4771-96A5-77E859E1F33D}.Debug|Any CPU.ActiveCfg = Debug|Any CPU
		{6AB67DAF-D832-4771-96A5-77E859E1F33D}.Debug|Any CPU.Build.0 = Debug|Any CPU
		{6AB67DAF-D832-4771-96A5-77E859E1F33D}.Release|Any CPU.ActiveCfg = Release|Any CPU
		{6AB67DAF-D832-4771-96A5-77E859E1F33D}.Release|Any CPU.Build.0 = Release|Any CPU
		{12AA47E6-F256-4D9B-A1FF-3C633ACA80BD}.Debug|Any CPU.ActiveCfg = Debug|Any CPU
		{12AA47E6-F256-4D9B-A1FF-3C633ACA80BD}.Debug|Any CPU.Build.0 = Debug|Any CPU
		{12AA47E6-F256-4D9B-A1FF-3C633ACA80BD}.Release|Any CPU.ActiveCfg = Release|Any CPU
		{12AA47E6-F256-4D9B-A1FF-3C633ACA80BD}.Release|Any CPU.Build.0 = Release|Any CPU
		{2A693FC2-22BC-4EA6-AFF9-FDAB7ED929F4}.Debug|Any CPU.ActiveCfg = Debug|Any CPU
		{2A693FC2-22BC-4EA6-AFF9-FDAB7ED929F4}.Debug|Any CPU.Build.0 = Debug|Any CPU
		{2A693FC2-22BC-4EA6-AFF9-FDAB7ED929F4}.Release|Any CPU.ActiveCfg = Release|Any CPU
		{2A693FC2-22BC-4EA6-AFF9-FDAB7ED929F4}.Release|Any CPU.Build.0 = Release|Any CPU
		{3FF9FBD1-F19E-4AD1-B4E4-AC718D0FC82C}.Debug|Any CPU.ActiveCfg = Debug|Any CPU
		{3FF9FBD1-F19E-4AD1-B4E4-AC718D0FC82C}.Debug|Any CPU.Build.0 = Debug|Any CPU
		{3FF9FBD1-F19E-4AD1-B4E4-AC718D0FC82C}.Release|Any CPU.ActiveCfg = Release|Any CPU
		{3FF9FBD1-F19E-4AD1-B4E4-AC718D0FC82C}.Release|Any CPU.Build.0 = Release|Any CPU
		{E10449B2-51E2-4D79-B7BC-F8A7B00A2FD6}.Debug|Any CPU.ActiveCfg = Debug|Any CPU
		{E10449B2-51E2-4D79-B7BC-F8A7B00A2FD6}.Debug|Any CPU.Build.0 = Debug|Any CPU
		{E10449B2-51E2-4D79-B7BC-F8A7B00A2FD6}.Release|Any CPU.ActiveCfg = Release|Any CPU
		{E10449B2-51E2-4D79-B7BC-F8A7B00A2FD6}.Release|Any CPU.Build.0 = Release|Any CPU
		{6DEE3404-BB91-4865-AE60-2770ED1C5297}.Debug|Any CPU.ActiveCfg = Debug|Any CPU
		{6DEE3404-BB91-4865-AE60-2770ED1C5297}.Debug|Any CPU.Build.0 = Debug|Any CPU
		{6DEE3404-BB91-4865-AE60-2770ED1C5297}.Release|Any CPU.ActiveCfg = Release|Any CPU
		{6DEE3404-BB91-4865-AE60-2770ED1C5297}.Release|Any CPU.Build.0 = Release|Any CPU
		{9E1CBF08-EB5F-4F87-91CE-07A8C5F6EE77}.Debug|Any CPU.ActiveCfg = Debug|Any CPU
		{9E1CBF08-EB5F-4F87-91CE-07A8C5F6EE77}.Debug|Any CPU.Build.0 = Debug|Any CPU
		{9E1CBF08-EB5F-4F87-91CE-07A8C5F6EE77}.Release|Any CPU.ActiveCfg = Release|Any CPU
		{9E1CBF08-EB5F-4F87-91CE-07A8C5F6EE77}.Release|Any CPU.Build.0 = Release|Any CPU
		{BB46D4F5-CB50-4902-8ED2-DE38947ED73E}.Debug|Any CPU.ActiveCfg = Debug|Any CPU
		{BB46D4F5-CB50-4902-8ED2-DE38947ED73E}.Debug|Any CPU.Build.0 = Debug|Any CPU
		{BB46D4F5-CB50-4902-8ED2-DE38947ED73E}.Release|Any CPU.ActiveCfg = Release|Any CPU
		{BB46D4F5-CB50-4902-8ED2-DE38947ED73E}.Release|Any CPU.Build.0 = Release|Any CPU
		{6966A477-E3B6-48CD-B115-3D026C704CAD}.Debug|Any CPU.ActiveCfg = Debug|Any CPU
		{6966A477-E3B6-48CD-B115-3D026C704CAD}.Debug|Any CPU.Build.0 = Debug|Any CPU
		{6966A477-E3B6-48CD-B115-3D026C704CAD}.Release|Any CPU.ActiveCfg = Release|Any CPU
		{6966A477-E3B6-48CD-B115-3D026C704CAD}.Release|Any CPU.Build.0 = Release|Any CPU
		{8F4AC0B2-E985-455B-8727-56B3A4FE2870}.Debug|Any CPU.ActiveCfg = Debug|Any CPU
		{8F4AC0B2-E985-455B-8727-56B3A4FE2870}.Debug|Any CPU.Build.0 = Debug|Any CPU
		{8F4AC0B2-E985-455B-8727-56B3A4FE2870}.Release|Any CPU.ActiveCfg = Release|Any CPU
		{8F4AC0B2-E985-455B-8727-56B3A4FE2870}.Release|Any CPU.Build.0 = Release|Any CPU
		{2BFACDC3-F44D-4199-8498-F5C3C4AC0335}.Debug|Any CPU.ActiveCfg = Debug|Any CPU
		{2BFACDC3-F44D-4199-8498-F5C3C4AC0335}.Debug|Any CPU.Build.0 = Debug|Any CPU
		{2BFACDC3-F44D-4199-8498-F5C3C4AC0335}.Release|Any CPU.ActiveCfg = Release|Any CPU
		{2BFACDC3-F44D-4199-8498-F5C3C4AC0335}.Release|Any CPU.Build.0 = Release|Any CPU
		{E461C0A8-8900-485C-B520-E929BA33F712}.Debug|Any CPU.ActiveCfg = Debug|Any CPU
		{E461C0A8-8900-485C-B520-E929BA33F712}.Debug|Any CPU.Build.0 = Debug|Any CPU
		{E461C0A8-8900-485C-B520-E929BA33F712}.Release|Any CPU.ActiveCfg = Release|Any CPU
		{E461C0A8-8900-485C-B520-E929BA33F712}.Release|Any CPU.Build.0 = Release|Any CPU
		{390C15F6-03BB-4C04-BBC6-C5B025AF31D7}.Debug|Any CPU.ActiveCfg = Debug|Any CPU
		{390C15F6-03BB-4C04-BBC6-C5B025AF31D7}.Debug|Any CPU.Build.0 = Debug|Any CPU
		{390C15F6-03BB-4C04-BBC6-C5B025AF31D7}.Release|Any CPU.ActiveCfg = Release|Any CPU
		{390C15F6-03BB-4C04-BBC6-C5B025AF31D7}.Release|Any CPU.Build.0 = Release|Any CPU
		{55EFEBE0-C32F-4251-A2E7-BE6F3F5C024A}.Debug|Any CPU.ActiveCfg = Debug|Any CPU
		{55EFEBE0-C32F-4251-A2E7-BE6F3F5C024A}.Debug|Any CPU.Build.0 = Debug|Any CPU
		{55EFEBE0-C32F-4251-A2E7-BE6F3F5C024A}.Release|Any CPU.ActiveCfg = Release|Any CPU
		{55EFEBE0-C32F-4251-A2E7-BE6F3F5C024A}.Release|Any CPU.Build.0 = Release|Any CPU
		{D8353470-0CFA-49D9-963D-E6D464886ADA}.Debug|Any CPU.ActiveCfg = Debug|Any CPU
		{D8353470-0CFA-49D9-963D-E6D464886ADA}.Debug|Any CPU.Build.0 = Debug|Any CPU
		{D8353470-0CFA-49D9-963D-E6D464886ADA}.Release|Any CPU.ActiveCfg = Release|Any CPU
		{D8353470-0CFA-49D9-963D-E6D464886ADA}.Release|Any CPU.Build.0 = Release|Any CPU
		{C055E53A-C0A8-409F-AD51-EC44AD9BC072}.Debug|Any CPU.ActiveCfg = Debug|Any CPU
		{C055E53A-C0A8-409F-AD51-EC44AD9BC072}.Debug|Any CPU.Build.0 = Debug|Any CPU
		{C055E53A-C0A8-409F-AD51-EC44AD9BC072}.Release|Any CPU.ActiveCfg = Release|Any CPU
		{C055E53A-C0A8-409F-AD51-EC44AD9BC072}.Release|Any CPU.Build.0 = Release|Any CPU
		{36805D35-16DA-40CE-B382-A88CB9231C02}.Debug|Any CPU.ActiveCfg = Debug|Any CPU
		{36805D35-16DA-40CE-B382-A88CB9231C02}.Debug|Any CPU.Build.0 = Debug|Any CPU
		{36805D35-16DA-40CE-B382-A88CB9231C02}.Release|Any CPU.ActiveCfg = Release|Any CPU
		{36805D35-16DA-40CE-B382-A88CB9231C02}.Release|Any CPU.Build.0 = Release|Any CPU
		{67CD5999-4384-438B-9A03-87AC04ABBBE1}.Debug|Any CPU.ActiveCfg = Debug|Any CPU
		{67CD5999-4384-438B-9A03-87AC04ABBBE1}.Debug|Any CPU.Build.0 = Debug|Any CPU
		{67CD5999-4384-438B-9A03-87AC04ABBBE1}.Release|Any CPU.ActiveCfg = Release|Any CPU
		{67CD5999-4384-438B-9A03-87AC04ABBBE1}.Release|Any CPU.Build.0 = Release|Any CPU
		{DA02B63B-5FA2-419F-8FBC-8282CE8F42B8}.Debug|Any CPU.ActiveCfg = Debug|Any CPU
		{DA02B63B-5FA2-419F-8FBC-8282CE8F42B8}.Debug|Any CPU.Build.0 = Debug|Any CPU
		{DA02B63B-5FA2-419F-8FBC-8282CE8F42B8}.Release|Any CPU.ActiveCfg = Release|Any CPU
		{DA02B63B-5FA2-419F-8FBC-8282CE8F42B8}.Release|Any CPU.Build.0 = Release|Any CPU
		{0CCB2855-ACF3-417E-A180-29F2260000CA}.Debug|Any CPU.ActiveCfg = Debug|Any CPU
		{0CCB2855-ACF3-417E-A180-29F2260000CA}.Debug|Any CPU.Build.0 = Debug|Any CPU
		{0CCB2855-ACF3-417E-A180-29F2260000CA}.Release|Any CPU.ActiveCfg = Release|Any CPU
		{0CCB2855-ACF3-417E-A180-29F2260000CA}.Release|Any CPU.Build.0 = Release|Any CPU
		{157AFE2D-E9B3-4C60-A08A-83EDFCDD8422}.Debug|Any CPU.ActiveCfg = Debug|Any CPU
		{157AFE2D-E9B3-4C60-A08A-83EDFCDD8422}.Debug|Any CPU.Build.0 = Debug|Any CPU
		{157AFE2D-E9B3-4C60-A08A-83EDFCDD8422}.Release|Any CPU.ActiveCfg = Release|Any CPU
		{157AFE2D-E9B3-4C60-A08A-83EDFCDD8422}.Release|Any CPU.Build.0 = Release|Any CPU
		{32B19F5E-9392-4DE6-80FF-3031BCDE5CF0}.Debug|Any CPU.ActiveCfg = Debug|Any CPU
		{32B19F5E-9392-4DE6-80FF-3031BCDE5CF0}.Debug|Any CPU.Build.0 = Debug|Any CPU
		{32B19F5E-9392-4DE6-80FF-3031BCDE5CF0}.Release|Any CPU.ActiveCfg = Release|Any CPU
		{32B19F5E-9392-4DE6-80FF-3031BCDE5CF0}.Release|Any CPU.Build.0 = Release|Any CPU
		{8C31FDB0-F790-4079-9C6F-7203D61A0D96}.Debug|Any CPU.ActiveCfg = Debug|Any CPU
		{8C31FDB0-F790-4079-9C6F-7203D61A0D96}.Debug|Any CPU.Build.0 = Debug|Any CPU
		{8C31FDB0-F790-4079-9C6F-7203D61A0D96}.Release|Any CPU.ActiveCfg = Release|Any CPU
		{8C31FDB0-F790-4079-9C6F-7203D61A0D96}.Release|Any CPU.Build.0 = Release|Any CPU
	EndGlobalSection
	GlobalSection(SolutionProperties) = preSolution
		HideSolutionNode = FALSE
	EndGlobalSection
	GlobalSection(NestedProjects) = preSolution
		{F83370D4-8896-4399-AEA5-B58C20871F60} = {8C7BEC83-397B-4A94-A35A-6FE54CDC4872}
		{8038A73E-DBCA-43FB-AE96-228E2382F13A} = {8C7BEC83-397B-4A94-A35A-6FE54CDC4872}
		{6B1D1F54-7F5B-4E64-B40C-1BBC717FFB0B} = {8C7BEC83-397B-4A94-A35A-6FE54CDC4872}
		{72A72032-A420-4270-B7F0-0E9F42D73A20} = {8C7BEC83-397B-4A94-A35A-6FE54CDC4872}
		{04D6D83B-415F-41B1-8FCA-83B895F9EF45} = {8C7BEC83-397B-4A94-A35A-6FE54CDC4872}
		{D81D5A6E-8CA4-4380-A4BE-D01C44889AE5} = {7832E88B-C23A-44E5-8605-2BC0D43CDF6C}
		{FE6BB758-00D3-4AA1-9BF6-5600CFE28F35} = {7832E88B-C23A-44E5-8605-2BC0D43CDF6C}
		{1240DEC6-530C-432B-A522-0FDA7D98465F} = {7832E88B-C23A-44E5-8605-2BC0D43CDF6C}
		{926ACFA3-34FA-4513-80F5-14682378EE94} = {7832E88B-C23A-44E5-8605-2BC0D43CDF6C}
		{29240FBF-E09F-42FC-BB29-75600A972D12} = {989A49DC-0546-48F0-8D00-D6EF35E8920C}
		{6AB67DAF-D832-4771-96A5-77E859E1F33D} = {989A49DC-0546-48F0-8D00-D6EF35E8920C}
		{12AA47E6-F256-4D9B-A1FF-3C633ACA80BD} = {C272E72F-D4B3-46B7-AB3D-CB613435D8E5}
		{2A693FC2-22BC-4EA6-AFF9-FDAB7ED929F4} = {C272E72F-D4B3-46B7-AB3D-CB613435D8E5}
		{3FF9FBD1-F19E-4AD1-B4E4-AC718D0FC82C} = {C272E72F-D4B3-46B7-AB3D-CB613435D8E5}
		{E10449B2-51E2-4D79-B7BC-F8A7B00A2FD6} = {C272E72F-D4B3-46B7-AB3D-CB613435D8E5}
		{6DEE3404-BB91-4865-AE60-2770ED1C5297} = {CABDD31C-B182-4AF3-BDF5-79B11E256CFB}
		{9E1CBF08-EB5F-4F87-91CE-07A8C5F6EE77} = {CABDD31C-B182-4AF3-BDF5-79B11E256CFB}
		{BB46D4F5-CB50-4902-8ED2-DE38947ED73E} = {E389A456-FDAA-45B4-834F-2B5BD24D26CD}
		{6966A477-E3B6-48CD-B115-3D026C704CAD} = {E389A456-FDAA-45B4-834F-2B5BD24D26CD}
		{8F4AC0B2-E985-455B-8727-56B3A4FE2870} = {E389A456-FDAA-45B4-834F-2B5BD24D26CD}
		{2BFACDC3-F44D-4199-8498-F5C3C4AC0335} = {240F1CC9-89DA-4DE0-AA92-93F7FA8ED8BE}
		{E461C0A8-8900-485C-B520-E929BA33F712} = {240F1CC9-89DA-4DE0-AA92-93F7FA8ED8BE}
		{390C15F6-03BB-4C04-BBC6-C5B025AF31D7} = {BE214548-9D48-4CB2-85A1-89BF7296A226}
		{55EFEBE0-C32F-4251-A2E7-BE6F3F5C024A} = {BE214548-9D48-4CB2-85A1-89BF7296A226}
		{D8353470-0CFA-49D9-963D-E6D464886ADA} = {BE214548-9D48-4CB2-85A1-89BF7296A226}
		{C055E53A-C0A8-409F-AD51-EC44AD9BC072} = {51337860-1EDD-4778-B44B-E816D56E707F}
		{36805D35-16DA-40CE-B382-A88CB9231C02} = {51337860-1EDD-4778-B44B-E816D56E707F}
		{67CD5999-4384-438B-9A03-87AC04ABBBE1} = {51337860-1EDD-4778-B44B-E816D56E707F}
		{DA02B63B-5FA2-419F-8FBC-8282CE8F42B8} = {51337860-1EDD-4778-B44B-E816D56E707F}
		{0CCB2855-ACF3-417E-A180-29F2260000CA} = {1F93678A-2EE1-4025-BE52-7A31B85BD2BE}
		{157AFE2D-E9B3-4C60-A08A-83EDFCDD8422} = {1A152EB5-25B8-448A-A1B8-03862D6760CA}
		{32B19F5E-9392-4DE6-80FF-3031BCDE5CF0} = {1A152EB5-25B8-448A-A1B8-03862D6760CA}
		{8C31FDB0-F790-4079-9C6F-7203D61A0D96} = {1A152EB5-25B8-448A-A1B8-03862D6760CA}
	EndGlobalSection
	GlobalSection(ExtensibilityGlobals) = postSolution
		SolutionGuid = {BEDF58C0-A704-44A0-BD89-BF4B01AB39BC}
	EndGlobalSection
EndGlobal
