
Microsoft Visual Studio Solution File, Format Version 12.00
# Visual Studio Version 16
VisualStudioVersion = 16.0.32228.343
MinimumVisualStudioVersion = 10.0.40219.1
Project("{FAE04EC0-301F-11D3-BF4B-00C04F79EFBC}") = "Sample0412", "Sample0412\Sample0412.csproj", "{200BD874-8465-4944-AF8A-5F48A6811479}"
EndProject
Global
	GlobalSection(SolutionConfigurationPlatforms) = preSolution
		Debug|Any CPU = Debug|Any CPU
		Release|Any CPU = Release|Any CPU
	EndGlobalSection
	GlobalSection(ProjectConfigurationPlatforms) = postSolution
		{200BD874-8465-4944-AF8A-5F48A6811479}.Debug|Any CPU.ActiveCfg = Debug|Any CPU
		{200BD874-8465-4944-AF8A-5F48A6811479}.Debug|Any CPU.Build.0 = Debug|Any CPU
		{200BD874-8465-4944-AF8A-5F48A6811479}.Release|Any CPU.ActiveCfg = Release|Any CPU
		{200BD874-8465-4944-AF8A-5F48A6811479}.Release|Any CPU.Build.0 = Release|Any CPU
	EndGlobalSection
	GlobalSection(SolutionProperties) = preSolution
		HideSolutionNode = FALSE
	EndGlobalSection
	GlobalSection(ExtensibilityGlobals) = postSolution
		SolutionGuid = {248D80A9-AE42-45CF-B0B9-C42D5AD6DA47}
	EndGlobalSection
EndGlobal
